
Microsoft Visual Studio Solution File, Format Version 11.00
# Visual Studio 2010
Project("{8BC9CEB8-8B4A-11D0-8D11-00A0C91BC942}") = "HMCPT", "HMCPT\HMCPT.vcxproj", "{F5CD7174-AFF3-4B49-8D20-55B48CBABCE4}"
EndProject
Project("{8BC9CEB8-8B4A-11D0-8D11-00A0C91BC942}") = "JMLib", "HMCPT\lib\JM\JMLib.vcxproj", "{3176C630-DB21-4367-ADA6-99769785C487}"
EndProject
Global
	GlobalSection(SolutionConfigurationPlatforms) = preSolution
		Debug|Win32 = Debug|Win32
		Release|Win32 = Release|Win32
	EndGlobalSection
	GlobalSection(ProjectConfigurationPlatforms) = postSolution
		{F5CD7174-AFF3-4B49-8D20-55B48CBABCE4}.Debug|Win32.ActiveCfg = Debug|Win32
		{F5CD7174-AFF3-4B49-8D20-55B48CBABCE4}.Debug|Win32.Build.0 = Debug|Win32
		{F5CD7174-AFF3-4B49-8D20-55B48CBABCE4}.Release|Win32.ActiveCfg = Release|Win32
		{F5CD7174-AFF3-4B49-8D20-55B48CBABCE4}.Release|Win32.Build.0 = Release|Win32
		{3176C630-DB21-4367-ADA6-99769785C487}.Debug|Win32.ActiveCfg = Debug|Win32
		{3176C630-DB21-4367-ADA6-99769785C487}.Debug|Win32.Build.0 = Debug|Win32
		{3176C630-DB21-4367-ADA6-99769785C487}.Release|Win32.ActiveCfg = Release|Win32
		{3176C630-DB21-4367-ADA6-99769785C487}.Release|Win32.Build.0 = Release|Win32
	EndGlobalSection
	GlobalSection(SolutionProperties) = preSolution
		HideSolutionNode = FALSE
	EndGlobalSection
EndGlobal
